// !$*UTF8*$!
{
	archiveVersion = 1;
	classes = {
	};
	objectVersion = 50;
	objects = {

/* Begin PBXBuildFile section */
		5E9657DA23C33DB5009A9F6E /* AppDelegate.swift in Sources */ = {isa = PBXBuildFile; fileRef = 5E9657D923C33DB5009A9F6E /* AppDelegate.swift */; };
		5E9657DE23C33DB5009A9F6E /* ViewController.swift in Sources */ = {isa = PBXBuildFile; fileRef = 5E9657DD23C33DB5009A9F6E /* ViewController.swift */; };
		5E9657E123C33DB5009A9F6E /* Main.storyboard in Resources */ = {isa = PBXBuildFile; fileRef = 5E9657DF23C33DB5009A9F6E /* Main.storyboard */; };
		5E9657E423C33DB5009A9F6E /* FaceTouchIDAuthentication.xcdatamodeld in Sources */ = {isa = PBXBuildFile; fileRef = 5E9657E223C33DB5009A9F6E /* FaceTouchIDAuthentication.xcdatamodeld */; };
		5E9657E623C33DBA009A9F6E /* Assets.xcassets in Resources */ = {isa = PBXBuildFile; fileRef = 5E9657E523C33DBA009A9F6E /* Assets.xcassets */; };
		5E9657E923C33DBA009A9F6E /* LaunchScreen.storyboard in Resources */ = {isa = PBXBuildFile; fileRef = 5E9657E723C33DBA009A9F6E /* LaunchScreen.storyboard */; };
		5E9657F423C33DBA009A9F6E /* FaceTouchIDAuthenticationTests.swift in Sources */ = {isa = PBXBuildFile; fileRef = 5E9657F323C33DBA009A9F6E /* FaceTouchIDAuthenticationTests.swift */; };
		5E9657FF23C33DBA009A9F6E /* FaceTouchIDAuthenticationUITests.swift in Sources */ = {isa = PBXBuildFile; fileRef = 5E9657FE23C33DBA009A9F6E /* FaceTouchIDAuthenticationUITests.swift */; };
		5E96580D23C33F85009A9F6E /* appstore.png in Resources */ = {isa = PBXBuildFile; fileRef = 5E96580C23C33F85009A9F6E /* appstore.png */; };
/* End PBXBuildFile section */

/* Begin PBXContainerItemProxy section */
		5E9657F023C33DBA009A9F6E /* PBXContainerItemProxy */ = {
			isa = PBXContainerItemProxy;
			containerPortal = 5E9657CE23C33DB5009A9F6E /* Project object */;
			proxyType = 1;
			remoteGlobalIDString = 5E9657D523C33DB5009A9F6E;
			remoteInfo = FaceTouchIDAuthentication;
		};
		5E9657FB23C33DBA009A9F6E /* PBXContainerItemProxy */ = {
			isa = PBXContainerItemProxy;
			containerPortal = 5E9657CE23C33DB5009A9F6E /* Project object */;
			proxyType = 1;
			remoteGlobalIDString = 5E9657D523C33DB5009A9F6E;
			remoteInfo = FaceTouchIDAuthentication;
		};
/* End PBXContainerItemProxy section */

/* Begin PBXFileReference section */
		5E9657D623C33DB5009A9F6E /* Authenticator.app */ = {isa = PBXFileReference; explicitFileType = wrapper.application; includeInIndex = 0; path = Authenticator.app; sourceTree = BUILT_PRODUCTS_DIR; };
		5E9657D923C33DB5009A9F6E /* AppDelegate.swift */ = {isa = PBXFileReference; lastKnownFileType = sourcecode.swift; path = AppDelegate.swift; sourceTree = "<group>"; };
		5E9657DD23C33DB5009A9F6E /* ViewController.swift */ = {isa = PBXFileReference; lastKnownFileType = sourcecode.swift; path = ViewController.swift; sourceTree = "<group>"; };
		5E9657E023C33DB5009A9F6E /* Base */ = {isa = PBXFileReference; lastKnownFileType = file.storyboard; name = Base; path = Base.lproj/Main.storyboard; sourceTree = "<group>"; };
		5E9657E323C33DB5009A9F6E /* FaceTouchIDAuthentication.xcdatamodel */ = {isa = PBXFileReference; lastKnownFileType = wrapper.xcdatamodel; path = FaceTouchIDAuthentication.xcdatamodel; sourceTree = "<group>"; };
		5E9657E523C33DBA009A9F6E /* Assets.xcassets */ = {isa = PBXFileReference; lastKnownFileType = folder.assetcatalog; path = Assets.xcassets; sourceTree = "<group>"; };
		5E9657E823C33DBA009A9F6E /* Base */ = {isa = PBXFileReference; lastKnownFileType = file.storyboard; name = Base; path = Base.lproj/LaunchScreen.storyboard; sourceTree = "<group>"; };
		5E9657EA23C33DBA009A9F6E /* Info.plist */ = {isa = PBXFileReference; lastKnownFileType = text.plist.xml; path = Info.plist; sourceTree = "<group>"; };
		5E9657EF23C33DBA009A9F6E /* FaceTouchIDAuthenticationTests.xctest */ = {isa = PBXFileReference; explicitFileType = wrapper.cfbundle; includeInIndex = 0; path = FaceTouchIDAuthenticationTests.xctest; sourceTree = BUILT_PRODUCTS_DIR; };
		5E9657F323C33DBA009A9F6E /* FaceTouchIDAuthenticationTests.swift */ = {isa = PBXFileReference; lastKnownFileType = sourcecode.swift; path = FaceTouchIDAuthenticationTests.swift; sourceTree = "<group>"; };
		5E9657F523C33DBA009A9F6E /* Info.plist */ = {isa = PBXFileReference; lastKnownFileType = text.plist.xml; path = Info.plist; sourceTree = "<group>"; };
		5E9657FA23C33DBA009A9F6E /* FaceTouchIDAuthenticationUITests.xctest */ = {isa = PBXFileReference; explicitFileType = wrapper.cfbundle; includeInIndex = 0; path = FaceTouchIDAuthenticationUITests.xctest; sourceTree = BUILT_PRODUCTS_DIR; };
		5E9657FE23C33DBA009A9F6E /* FaceTouchIDAuthenticationUITests.swift */ = {isa = PBXFileReference; lastKnownFileType = sourcecode.swift; path = FaceTouchIDAuthenticationUITests.swift; sourceTree = "<group>"; };
		5E96580023C33DBA009A9F6E /* Info.plist */ = {isa = PBXFileReference; lastKnownFileType = text.plist.xml; path = Info.plist; sourceTree = "<group>"; };
		5E96580C23C33F85009A9F6E /* appstore.png */ = {isa = PBXFileReference; lastKnownFileType = image.png; path = appstore.png; sourceTree = "<group>"; };
/* End PBXFileReference section */

/* Begin PBXFrameworksBuildPhase section */
		5E9657D323C33DB5009A9F6E /* Frameworks */ = {
			isa = PBXFrameworksBuildPhase;
			buildActionMask = 2147483647;
			files = (
			);
			runOnlyForDeploymentPostprocessing = 0;
		};
		5E9657EC23C33DBA009A9F6E /* Frameworks */ = {
			isa = PBXFrameworksBuildPhase;
			buildActionMask = 2147483647;
			files = (
			);
			runOnlyForDeploymentPostprocessing = 0;
		};
		5E9657F723C33DBA009A9F6E /* Frameworks */ = {
			isa = PBXFrameworksBuildPhase;
			buildActionMask = 2147483647;
			files = (
			);
			runOnlyForDeploymentPostprocessing = 0;
		};
/* End PBXFrameworksBuildPhase section */

/* Begin PBXGroup section */
		5E9657CD23C33DB5009A9F6E = {
			isa = PBXGroup;
			children = (
				5E9657D823C33DB5009A9F6E /* FaceTouchIDAuthentication */,
				5E9657F223C33DBA009A9F6E /* FaceTouchIDAuthenticationTests */,
				5E9657FD23C33DBA009A9F6E /* FaceTouchIDAuthenticationUITests */,
				5E9657D723C33DB5009A9F6E /* Products */,
			);
			sourceTree = "<group>";
		};
		5E9657D723C33DB5009A9F6E /* Products */ = {
			isa = PBXGroup;
			children = (
				5E9657D623C33DB5009A9F6E /* Authenticator.app */,
				5E9657EF23C33DBA009A9F6E /* FaceTouchIDAuthenticationTests.xctest */,
				5E9657FA23C33DBA009A9F6E /* FaceTouchIDAuthenticationUITests.xctest */,
			);
			name = Products;
			sourceTree = "<group>";
		};
		5E9657D823C33DB5009A9F6E /* FaceTouchIDAuthentication */ = {
			isa = PBXGroup;
			children = (
				5E9657D923C33DB5009A9F6E /* AppDelegate.swift */,
				5E9657DD23C33DB5009A9F6E /* ViewController.swift */,
				5E9657DF23C33DB5009A9F6E /* Main.storyboard */,
				5E9657E523C33DBA009A9F6E /* Assets.xcassets */,
				5E9657E723C33DBA009A9F6E /* LaunchScreen.storyboard */,
				5E9657EA23C33DBA009A9F6E /* Info.plist */,
				5E9657E223C33DB5009A9F6E /* FaceTouchIDAuthentication.xcdatamodeld */,
				5E96580C23C33F85009A9F6E /* appstore.png */,
			);
			path = FaceTouchIDAuthentication;
			sourceTree = "<group>";
		};
		5E9657F223C33DBA009A9F6E /* FaceTouchIDAuthenticationTests */ = {
			isa = PBXGroup;
			children = (
				5E9657F323C33DBA009A9F6E /* FaceTouchIDAuthenticationTests.swift */,
				5E9657F523C33DBA009A9F6E /* Info.plist */,
			);
			path = FaceTouchIDAuthenticationTests;
			sourceTree = "<group>";
		};
		5E9657FD23C33DBA009A9F6E /* FaceTouchIDAuthenticationUITests */ = {
			isa = PBXGroup;
			children = (
				5E9657FE23C33DBA009A9F6E /* FaceTouchIDAuthenticationUITests.swift */,
				5E96580023C33DBA009A9F6E /* Info.plist */,
			);
			path = FaceTouchIDAuthenticationUITests;
			sourceTree = "<group>";
		};
/* End PBXGroup section */

/* Begin PBXNativeTarget section */
		5E9657D523C33DB5009A9F6E /* FaceTouchIDAuthentication */ = {
			isa = PBXNativeTarget;
			buildConfigurationList = 5E96580323C33DBA009A9F6E /* Build configuration list for PBXNativeTarget "FaceTouchIDAuthentication" */;
			buildPhases = (
				5E9657D223C33DB5009A9F6E /* Sources */,
				5E9657D323C33DB5009A9F6E /* Frameworks */,
				5E9657D423C33DB5009A9F6E /* Resources */,
			);
			buildRules = (
			);
			dependencies = (
			);
			name = FaceTouchIDAuthentication;
			productName = FaceTouchIDAuthentication;
			productReference = 5E9657D623C33DB5009A9F6E /* Authenticator.app */;
			productType = "com.apple.product-type.application";
		};
		5E9657EE23C33DBA009A9F6E /* FaceTouchIDAuthenticationTests */ = {
			isa = PBXNativeTarget;
			buildConfigurationList = 5E96580623C33DBA009A9F6E /* Build configuration list for PBXNativeTarget "FaceTouchIDAuthenticationTests" */;
			buildPhases = (
				5E9657EB23C33DBA009A9F6E /* Sources */,
				5E9657EC23C33DBA009A9F6E /* Frameworks */,
				5E9657ED23C33DBA009A9F6E /* Resources */,
			);
			buildRules = (
			);
			dependencies = (
				5E9657F123C33DBA009A9F6E /* PBXTargetDependency */,
			);
			name = FaceTouchIDAuthenticationTests;
			productName = FaceTouchIDAuthenticationTests;
			productReference = 5E9657EF23C33DBA009A9F6E /* FaceTouchIDAuthenticationTests.xctest */;
			productType = "com.apple.product-type.bundle.unit-test";
		};
		5E9657F923C33DBA009A9F6E /* FaceTouchIDAuthenticationUITests */ = {
			isa = PBXNativeTarget;
			buildConfigurationList = 5E96580923C33DBA009A9F6E /* Build configuration list for PBXNativeTarget "FaceTouchIDAuthenticationUITests" */;
			buildPhases = (
				5E9657F623C33DBA009A9F6E /* Sources */,
				5E9657F723C33DBA009A9F6E /* Frameworks */,
				5E9657F823C33DBA009A9F6E /* Resources */,
			);
			buildRules = (
			);
			dependencies = (
				5E9657FC23C33DBA009A9F6E /* PBXTargetDependency */,
			);
			name = FaceTouchIDAuthenticationUITests;
			productName = FaceTouchIDAuthenticationUITests;
			productReference = 5E9657FA23C33DBA009A9F6E /* FaceTouchIDAuthenticationUITests.xctest */;
			productType = "com.apple.product-type.bundle.ui-testing";
		};
/* End PBXNativeTarget section */

/* Begin PBXProject section */
		5E9657CE23C33DB5009A9F6E /* Project object */ = {
			isa = PBXProject;
			attributes = {
				LastSwiftUpdateCheck = 1120;
				LastUpgradeCheck = 1120;
				ORGANIZATIONNAME = Mi;
				TargetAttributes = {
					5E9657D523C33DB5009A9F6E = {
						CreatedOnToolsVersion = 11.2.1;
					};
					5E9657EE23C33DBA009A9F6E = {
						CreatedOnToolsVersion = 11.2.1;
						TestTargetID = 5E9657D523C33DB5009A9F6E;
					};
					5E9657F923C33DBA009A9F6E = {
						CreatedOnToolsVersion = 11.2.1;
						TestTargetID = 5E9657D523C33DB5009A9F6E;
					};
				};
			};
			buildConfigurationList = 5E9657D123C33DB5009A9F6E /* Build configuration list for PBXProject "FaceTouchIDAuthentication" */;
			compatibilityVersion = "Xcode 9.3";
			developmentRegion = en;
			hasScannedForEncodings = 0;
			knownRegions = (
				en,
				Base,
			);
			mainGroup = 5E9657CD23C33DB5009A9F6E;
			productRefGroup = 5E9657D723C33DB5009A9F6E /* Products */;
			projectDirPath = "";
			projectRoot = "";
			targets = (
				5E9657D523C33DB5009A9F6E /* FaceTouchIDAuthentication */,
				5E9657EE23C33DBA009A9F6E /* FaceTouchIDAuthenticationTests */,
				5E9657F923C33DBA009A9F6E /* FaceTouchIDAuthenticationUITests */,
			);
		};
/* End PBXProject section */

/* Begin PBXResourcesBuildPhase section */
		5E9657D423C33DB5009A9F6E /* Resources */ = {
			isa = PBXResourcesBuildPhase;
			buildActionMask = 2147483647;
			files = (
				5E9657E923C33DBA009A9F6E /* LaunchScreen.storyboard in Resources */,
				5E96580D23C33F85009A9F6E /* appstore.png in Resources */,
				5E9657E623C33DBA009A9F6E /* Assets.xcassets in Resources */,
				5E9657E123C33DB5009A9F6E /* Main.storyboard in Resources */,
			);
			runOnlyForDeploymentPostprocessing = 0;
		};
		5E9657ED23C33DBA009A9F6E /* Resources */ = {
			isa = PBXResourcesBuildPhase;
			buildActionMask = 2147483647;
			files = (
			);
			runOnlyForDeploymentPostprocessing = 0;
		};
		5E9657F823C33DBA009A9F6E /* Resources */ = {
			isa = PBXResourcesBuildPhase;
			buildActionMask = 2147483647;
			files = (
			);
			runOnlyForDeploymentPostprocessing = 0;
		};
/* End PBXResourcesBuildPhase section */

/* Begin PBXSourcesBuildPhase section */
		5E9657D223C33DB5009A9F6E /* Sources */ = {
			isa = PBXSourcesBuildPhase;
			buildActionMask = 2147483647;
			files = (
				5E9657DE23C33DB5009A9F6E /* ViewController.swift in Sources */,
				5E9657E423C33DB5009A9F6E /* FaceTouchIDAuthentication.xcdatamodeld in Sources */,
				5E9657DA23C33DB5009A9F6E /* AppDelegate.swift in Sources */,
			);
			runOnlyForDeploymentPostprocessing = 0;
		};
		5E9657EB23C33DBA009A9F6E /* Sources */ = {
			isa = PBXSourcesBuildPhase;
			buildActionMask = 2147483647;
			files = (
				5E9657F423C33DBA009A9F6E /* FaceTouchIDAuthenticationTests.swift in Sources */,
			);
			runOnlyForDeploymentPostprocessing = 0;
		};
		5E9657F623C33DBA009A9F6E /* Sources */ = {
			isa = PBXSourcesBuildPhase;
			buildActionMask = 2147483647;
			files = (
				5E9657FF23C33DBA009A9F6E /* FaceTouchIDAuthenticationUITests.swift in Sources */,
			);
			runOnlyForDeploymentPostprocessing = 0;
		};
/* End PBXSourcesBuildPhase section */

/* Begin PBXTargetDependency section */
		5E9657F123C33DBA009A9F6E /* PBXTargetDependency */ = {
			isa = PBXTargetDependency;
			target = 5E9657D523C33DB5009A9F6E /* FaceTouchIDAuthentication */;
			targetProxy = 5E9657F023C33DBA009A9F6E /* PBXContainerItemProxy */;
		};
		5E9657FC23C33DBA009A9F6E /* PBXTargetDependency */ = {
			isa = PBXTargetDependency;
			target = 5E9657D523C33DB5009A9F6E /* FaceTouchIDAuthentication */;
			targetProxy = 5E9657FB23C33DBA009A9F6E /* PBXContainerItemProxy */;
		};
/* End PBXTargetDependency section */

/* Begin PBXVariantGroup section */
		5E9657DF23C33DB5009A9F6E /* Main.storyboard */ = {
			isa = PBXVariantGroup;
			children = (
				5E9657E023C33DB5009A9F6E /* Base */,
			);
			name = Main.storyboard;
			sourceTree = "<group>";
		};
		5E9657E723C33DBA009A9F6E /* LaunchScreen.storyboard */ = {
			isa = PBXVariantGroup;
			children = (
				5E9657E823C33DBA009A9F6E /* Base */,
			);
			name = LaunchScreen.storyboard;
			sourceTree = "<group>";
		};
/* End PBXVariantGroup section */

/* Begin XCBuildConfiguration section */
		5E96580123C33DBA009A9F6E /* Debug */ = {
			isa = XCBuildConfiguration;
			buildSettings = {
				ALWAYS_SEARCH_USER_PATHS = NO;
				CLANG_ANALYZER_NONNULL = YES;
				CLANG_ANALYZER_NUMBER_OBJECT_CONVERSION = YES_AGGRESSIVE;
				CLANG_CXX_LANGUAGE_STANDARD = "gnu++14";
				CLANG_CXX_LIBRARY = "libc++";
				CLANG_ENABLE_MODULES = YES;
				CLANG_ENABLE_OBJC_ARC = YES;
				CLANG_ENABLE_OBJC_WEAK = YES;
				CLANG_WARN_BLOCK_CAPTURE_AUTORELEASING = YES;
				CLANG_WARN_BOOL_CONVERSION = YES;
				CLANG_WARN_COMMA = YES;
				CLANG_WARN_CONSTANT_CONVERSION = YES;
				CLANG_WARN_DEPRECATED_OBJC_IMPLEMENTATIONS = YES;
				CLANG_WARN_DIRECT_OBJC_ISA_USAGE = YES_ERROR;
				CLANG_WARN_DOCUMENTATION_COMMENTS = YES;
				CLANG_WARN_EMPTY_BODY = YES;
				CLANG_WARN_ENUM_CONVERSION = YES;
				CLANG_WARN_INFINITE_RECURSION = YES;
				CLANG_WARN_INT_CONVERSION = YES;
				CLANG_WARN_NON_LITERAL_NULL_CONVERSION = YES;
				CLANG_WARN_OBJC_IMPLICIT_RETAIN_SELF = YES;
				CLANG_WARN_OBJC_LITERAL_CONVERSION = YES;
				CLANG_WARN_OBJC_ROOT_CLASS = YES_ERROR;
				CLANG_WARN_RANGE_LOOP_ANALYSIS = YES;
				CLANG_WARN_STRICT_PROTOTYPES = YES;
				CLANG_WARN_SUSPICIOUS_MOVE = YES;
				CLANG_WARN_UNGUARDED_AVAILABILITY = YES_AGGRESSIVE;
				CLANG_WARN_UNREACHABLE_CODE = YES;
				CLANG_WARN__DUPLICATE_METHOD_MATCH = YES;
				COPY_PHASE_STRIP = NO;
				DEBUG_INFORMATION_FORMAT = dwarf;
				ENABLE_STRICT_OBJC_MSGSEND = YES;
				ENABLE_TESTABILITY = YES;
				GCC_C_LANGUAGE_STANDARD = gnu11;
				GCC_DYNAMIC_NO_PIC = NO;
				GCC_NO_COMMON_BLOCKS = YES;
				GCC_OPTIMIZATION_LEVEL = 0;
				GCC_PREPROCESSOR_DEFINITIONS = (
					"DEBUG=1",
					"$(inherited)",
				);
				GCC_WARN_64_TO_32_BIT_CONVERSION = YES;
				GCC_WARN_ABOUT_RETURN_TYPE = YES_ERROR;
				GCC_WARN_UNDECLARED_SELECTOR = YES;
				GCC_WARN_UNINITIALIZED_AUTOS = YES_AGGRESSIVE;
				GCC_WARN_UNUSED_FUNCTION = YES;
				GCC_WARN_UNUSED_VARIABLE = YES;
				IPHONEOS_DEPLOYMENT_TARGET = 13.2;
				MTL_ENABLE_DEBUG_INFO = INCLUDE_SOURCE;
				MTL_FAST_MATH = YES;
				ONLY_ACTIVE_ARCH = YES;
				SDKROOT = iphoneos;
				SWIFT_ACTIVE_COMPILATION_CONDITIONS = DEBUG;
				SWIFT_OPTIMIZATION_LEVEL = "-Onone";
			};
			name = Debug;
		};
		5E96580223C33DBA009A9F6E /* Release */ = {
			isa = XCBuildConfiguration;
			buildSettings = {
				ALWAYS_SEARCH_USER_PATHS = NO;
				CLANG_ANALYZER_NONNULL = YES;
				CLANG_ANALYZER_NUMBER_OBJECT_CONVERSION = YES_AGGRESSIVE;
				CLANG_CXX_LANGUAGE_STANDARD = "gnu++14";
				CLANG_CXX_LIBRARY = "libc++";
				CLANG_ENABLE_MODULES = YES;
				CLANG_ENABLE_OBJC_ARC = YES;
				CLANG_ENABLE_OBJC_WEAK = YES;
				CLANG_WARN_BLOCK_CAPTURE_AUTORELEASING = YES;
				CLANG_WARN_BOOL_CONVERSION = YES;
				CLANG_WARN_COMMA = YES;
				CLANG_WARN_CONSTANT_CONVERSION = YES;
				CLANG_WARN_DEPRECATED_OBJC_IMPLEMENTATIONS = YES;
				CLANG_WARN_DIRECT_OBJC_ISA_USAGE = YES_ERROR;
				CLANG_WARN_DOCUMENTATION_COMMENTS = YES;
				CLANG_WARN_EMPTY_BODY = YES;
				CLANG_WARN_ENUM_CONVERSION = YES;
				CLANG_WARN_INFINITE_RECURSION = YES;
				CLANG_WARN_INT_CONVERSION = YES;
				CLANG_WARN_NON_LITERAL_NULL_CONVERSION = YES;
				CLANG_WARN_OBJC_IMPLICIT_RETAIN_SELF = YES;
				CLANG_WARN_OBJC_LITERAL_CONVERSION = YES;
				CLANG_WARN_OBJC_ROOT_CLASS = YES_ERROR;
				CLANG_WARN_RANGE_LOOP_ANALYSIS = YES;
				CLANG_WARN_STRICT_PROTOTYPES = YES;
				CLANG_WARN_SUSPICIOUS_MOVE = YES;
				CLANG_WARN_UNGUARDED_AVAILABILITY = YES_AGGRESSIVE;
				CLANG_WARN_UNREACHABLE_CODE = YES;
				CLANG_WARN__DUPLICATE_METHOD_MATCH = YES;
				COPY_PHASE_STRIP = NO;
				DEBUG_INFORMATION_FORMAT = "dwarf-with-dsym";
				ENABLE_NS_ASSERTIONS = NO;
				ENABLE_STRICT_OBJC_MSGSEND = YES;
				GCC_C_LANGUAGE_STANDARD = gnu11;
				GCC_NO_COMMON_BLOCKS = YES;
				GCC_WARN_64_TO_32_BIT_CONVERSION = YES;
				GCC_WARN_ABOUT_RETURN_TYPE = YES_ERROR;
				GCC_WARN_UNDECLARED_SELECTOR = YES;
				GCC_WARN_UNINITIALIZED_AUTOS = YES_AGGRESSIVE;
				GCC_WARN_UNUSED_FUNCTION = YES;
				GCC_WARN_UNUSED_VARIABLE = YES;
				IPHONEOS_DEPLOYMENT_TARGET = 13.2;
				MTL_ENABLE_DEBUG_INFO = NO;
				MTL_FAST_MATH = YES;
				SDKROOT = iphoneos;
				SWIFT_COMPILATION_MODE = wholemodule;
				SWIFT_OPTIMIZATION_LEVEL = "-O";
				VALIDATE_PRODUCT = YES;
			};
			name = Release;
		};
		5E96580423C33DBA009A9F6E /* Debug */ = {
			isa = XCBuildConfiguration;
			buildSettings = {
				ASSETCATALOG_COMPILER_APPICON_NAME = AppIcon;
				CODE_SIGN_STYLE = Automatic;
				DEVELOPMENT_TEAM = 7224G6JACN;
				INFOPLIST_FILE = FaceTouchIDAuthentication/Info.plist;
				IPHONEOS_DEPLOYMENT_TARGET = 10.0;
				LD_RUNPATH_SEARCH_PATHS = (
					"$(inherited)",
					"@executable_path/Frameworks",
				);
				PRODUCT_BUNDLE_IDENTIFIER = com.mi.FaceTouchIDAuthentication;
				PRODUCT_NAME = Authenticator;
				SWIFT_VERSION = 5.0;
				TARGETED_DEVICE_FAMILY = "1,2";
			};
			name = Debug;
		};
		5E96580523C33DBA009A9F6E /* Release */ = {
			isa = XCBuildConfiguration;
			buildSettings = {
				ASSETCATALOG_COMPILER_APPICON_NAME = AppIcon;
				CODE_SIGN_STYLE = Automatic;
				DEVELOPMENT_TEAM = 7224G6JACN;
				INFOPLIST_FILE = FaceTouchIDAuthentication/Info.plist;
				IPHONEOS_DEPLOYMENT_TARGET = 10.0;
				LD_RUNPATH_SEARCH_PATHS = (
					"$(inherited)",
					"@executable_path/Frameworks",
				);
				PRODUCT_BUNDLE_IDENTIFIER = com.mi.FaceTouchIDAuthentication;
				PRODUCT_NAME = Authenticator;
				SWIFT_VERSION = 5.0;
				TARGETED_DEVICE_FAMILY = "1,2";
			};
			name = Release;
		};
		5E96580723C33DBA009A9F6E /* Debug */ = {
			isa = XCBuildConfiguration;
			buildSettings = {
				ALWAYS_EMBED_SWIFT_STANDARD_LIBRARIES = YES;
				BUNDLE_LOADER = "$(TEST_HOST)";
				CODE_SIGN_STYLE = Automatic;
				INFOPLIST_FILE = FaceTouchIDAuthenticationTests/Info.plist;
				IPHONEOS_DEPLOYMENT_TARGET = 13.2;
				LD_RUNPATH_SEARCH_PATHS = (
					"$(inherited)",
					"@executable_path/Frameworks",
					"@loader_path/Frameworks",
				);
				PRODUCT_BUNDLE_IDENTIFIER = com.mi.FaceTouchIDAuthenticationTests;
				PRODUCT_NAME = "$(TARGET_NAME)";
				SWIFT_VERSION = 5.0;
				TARGETED_DEVICE_FAMILY = "1,2";
				TEST_HOST = "$(BUILT_PRODUCTS_DIR)/FaceTouchIDAuthentication.app/FaceTouchIDAuthentication";
			};
			name = Debug;
		};
		5E96580823C33DBA009A9F6E /* Release */ = {
			isa = XCBuildConfiguration;
			buildSettings = {
				ALWAYS_EMBED_SWIFT_STANDARD_LIBRARIES = YES;
				BUNDLE_LOADER = "$(TEST_HOST)";
				CODE_SIGN_STYLE = Automatic;
				INFOPLIST_FILE = FaceTouchIDAuthenticationTests/Info.plist;
				IPHONEOS_DEPLOYMENT_TARGET = 13.2;
				LD_RUNPATH_SEARCH_PATHS = (
					"$(inherited)",
					"@executable_path/Frameworks",
					"@loader_path/Frameworks",
				);
				PRODUCT_BUNDLE_IDENTIFIER = com.mi.FaceTouchIDAuthenticationTests;
				PRODUCT_NAME = "$(TARGET_NAME)";
				SWIFT_VERSION = 5.0;
				TARGETED_DEVICE_FAMILY = "1,2";
				TEST_HOST = "$(BUILT_PRODUCTS_DIR)/FaceTouchIDAuthentication.app/FaceTouchIDAuthentication";
			};
			name = Release;
		};
		5E96580A23C33DBA009A9F6E /* Debug */ = {
			isa = XCBuildConfiguration;
			buildSettings = {
				ALWAYS_EMBED_SWIFT_STANDARD_LIBRARIES = YES;
				CODE_SIGN_STYLE = Automatic;
				INFOPLIST_FILE = FaceTouchIDAuthenticationUITests/Info.plist;
				LD_RUNPATH_SEARCH_PATHS = (
					"$(inherited)",
					"@executable_path/Frameworks",
					"@loader_path/Frameworks",
				);
				PRODUCT_BUNDLE_IDENTIFIER = com.mi.FaceTouchIDAuthenticationUITests;
				PRODUCT_NAME = "$(TARGET_NAME)";
				SWIFT_VERSION = 5.0;
				TARGETED_DEVICE_FAMILY = "1,2";
				TEST_TARGET_NAME = FaceTouchIDAuthentication;
			};
			name = Debug;
		};
		5E96580B23C33DBA009A9F6E /* Release */ = {
			isa = XCBuildConfiguration;
			buildSettings = {
				ALWAYS_EMBED_SWIFT_STANDARD_LIBRARIES = YES;
				CODE_SIGN_STYLE = Automatic;
				INFOPLIST_FILE = FaceTouchIDAuthenticationUITests/Info.plist;
				LD_RUNPATH_SEARCH_PATHS = (
					"$(inherited)",
					"@executable_path/Frameworks",
					"@loader_path/Frameworks",
				);
				PRODUCT_BUNDLE_IDENTIFIER = com.mi.FaceTouchIDAuthenticationUITests;
				PRODUCT_NAME = "$(TARGET_NAME)";
				SWIFT_VERSION = 5.0;
				TARGETED_DEVICE_FAMILY = "1,2";
				TEST_TARGET_NAME = FaceTouchIDAuthentication;
			};
			name = Release;
		};
/* End XCBuildConfiguration section */

/* Begin XCConfigurationList section */
		5E9657D123C33DB5009A9F6E /* Build configuration list for PBXProject "FaceTouchIDAuthentication" */ = {
			isa = XCConfigurationList;
			buildConfigurations = (
				5E96580123C33DBA009A9F6E /* Debug */,
				5E96580223C33DBA009A9F6E /* Release */,
			);
			defaultConfigurationIsVisible = 0;
			defaultConfigurationName = Release;
		};
		5E96580323C33DBA009A9F6E /* Build configuration list for PBXNativeTarget "FaceTouchIDAuthentication" */ = {
			isa = XCConfigurationList;
			buildConfigurations = (
				5E96580423C33DBA009A9F6E /* Debug */,
				5E96580523C33DBA009A9F6E /* Release */,
			);
			defaultConfigurationIsVisible = 0;
			defaultConfigurationName = Release;
		};
		5E96580623C33DBA009A9F6E /* Build configuration list for PBXNativeTarget "FaceTouchIDAuthenticationTests" */ = {
			isa = XCConfigurationList;
			buildConfigurations = (
				5E96580723C33DBA009A9F6E /* Debug */,
				5E96580823C33DBA009A9F6E /* Release */,
			);
			defaultConfigurationIsVisible = 0;
			defaultConfigurationName = Release;
		};
		5E96580923C33DBA009A9F6E /* Build configuration list for PBXNativeTarget "FaceTouchIDAuthenticationUITests" */ = {
			isa = XCConfigurationList;
			buildConfigurations = (
				5E96580A23C33DBA009A9F6E /* Debug */,
				5E96580B23C33DBA009A9F6E /* Release */,
			);
			defaultConfigurationIsVisible = 0;
			defaultConfigurationName = Release;
		};
/* End XCConfigurationList section */

/* Begin XCVersionGroup section */
		5E9657E223C33DB5009A9F6E /* FaceTouchIDAuthentication.xcdatamodeld */ = {
			isa = XCVersionGroup;
			children = (
				5E9657E323C33DB5009A9F6E /* FaceTouchIDAuthentication.xcdatamodel */,
			);
			currentVersion = 5E9657E323C33DB5009A9F6E /* FaceTouchIDAuthentication.xcdatamodel */;
			path = FaceTouchIDAuthentication.xcdatamodeld;
			sourceTree = "<group>";
			versionGroupType = wrapper.xcdatamodel;
		};
/* End XCVersionGroup section */
	};
	rootObject = 5E9657CE23C33DB5009A9F6E /* Project object */;
}
